
Microsoft Visual Studio Solution File, Format Version 12.00
# Visual Studio Version 17
VisualStudioVersion = 17.4.33213.308
MinimumVisualStudioVersion = 10.0.40219.1
Project("{FAE04EC0-301F-11D3-BF4B-00C04F79EFBC}") = "Week14OOP", "Week14OOP\Week14OOP.csproj", "{DCAC6AF0-3D4F-4EF5-A69C-CC5AAF2A8282}"
EndProject
Global
	GlobalSection(SolutionConfigurationPlatforms) = preSolution
		Debug|Any CPU = Debug|Any CPU
		Release|Any CPU = Release|Any CPU
	EndGlobalSection
	GlobalSection(ProjectConfigurationPlatforms) = postSolution
		{DCAC6AF0-3D4F-4EF5-A69C-CC5AAF2A8282}.Debug|Any CPU.ActiveCfg = Debug|Any CPU
		{DCAC6AF0-3D4F-4EF5-A69C-CC5AAF2A8282}.Debug|Any CPU.Build.0 = Debug|Any CPU
		{DCAC6AF0-3D4F-4EF5-A69C-CC5AAF2A8282}.Release|Any CPU.ActiveCfg = Release|Any CPU
		{DCAC6AF0-3D4F-4EF5-A69C-CC5AAF2A8282}.Release|Any CPU.Build.0 = Release|Any CPU
	EndGlobalSection
	GlobalSection(SolutionProperties) = preSolution
		HideSolutionNode = FALSE
	EndGlobalSection
	GlobalSection(ExtensibilityGlobals) = postSolution
		SolutionGuid = {29536E10-8FC3-4F94-8B9B-27C39289C7AF}
	EndGlobalSection
EndGlobal
